Microsoft Visual Studio Solution File, Format Version 11.00
# Visual Studio 2008

Project("{ED97A1DF-CF11-4BA6-F85A-70E8FA2AE08F}") = "HAMK_MobileGame", "Assembly-CSharp.csproj", "{F9364334-8E44-AF7F-6B3D-04E505392082}"
EndProject
Global
	GlobalSection(SolutionConfigurationPlatforms) = preSolution
		Debug|Any CPU = Debug|Any CPU
		Release|Any CPU = Release|Any CPU
	EndGlobalSection
	GlobalSection(ProjectConfigurationPlatforms) = postSolution
		{F9364334-8E44-AF7F-6B3D-04E505392082}.Debug|Any CPU.ActiveCfg = Debug|Any CPU
		{F9364334-8E44-AF7F-6B3D-04E505392082}.Debug|Any CPU.Build.0 = Debug|Any CPU
		{F9364334-8E44-AF7F-6B3D-04E505392082}.Release|Any CPU.ActiveCfg = Release|Any CPU
		{F9364334-8E44-AF7F-6B3D-04E505392082}.Release|Any CPU.Build.0 = Release|Any CPU
	EndGlobalSection
	GlobalSection(SolutionProperties) = preSolution
		HideSolutionNode = FALSE
	EndGlobalSection
	GlobalSection(MonoDevelopProperties) = preSolution
		StartupItem = Assembly-CSharp.csproj
	EndGlobalSection
EndGlobal
