Microsoft Visual Studio Solution File, Format Version 11.00
# Visual Studio 2008

Project("{A5C10BE1-F3D4-4BD6-E767-412E01D49A5D}") = "PARAS", "Assembly-CSharp.csproj", "{E169BBC5-03B9-DB51-4BF1-B50CA73F4A62}"
EndProject
Global
	GlobalSection(SolutionConfigurationPlatforms) = preSolution
		Debug|Any CPU = Debug|Any CPU
		Release|Any CPU = Release|Any CPU
	EndGlobalSection
	GlobalSection(ProjectConfigurationPlatforms) = postSolution
		{E169BBC5-03B9-DB51-4BF1-B50CA73F4A62}.Debug|Any CPU.ActiveCfg = Debug|Any CPU
		{E169BBC5-03B9-DB51-4BF1-B50CA73F4A62}.Debug|Any CPU.Build.0 = Debug|Any CPU
		{E169BBC5-03B9-DB51-4BF1-B50CA73F4A62}.Release|Any CPU.ActiveCfg = Release|Any CPU
		{E169BBC5-03B9-DB51-4BF1-B50CA73F4A62}.Release|Any CPU.Build.0 = Release|Any CPU
	EndGlobalSection
	GlobalSection(SolutionProperties) = preSolution
		HideSolutionNode = FALSE
	EndGlobalSection
	GlobalSection(MonoDevelopProperties) = preSolution
		StartupItem = Assembly-CSharp.csproj
	EndGlobalSection
EndGlobal
